
Microsoft Visual Studio Solution File, Format Version 12.00
# Visual Studio Version 17
VisualStudioVersion = 17.8.34330.188
MinimumVisualStudioVersion = 10.0.40219.1
Project("{FAE04EC0-301F-11D3-BF4B-00C04F79EFBC}") = "Static_Class", "Static_Class\Static_Class.csproj", "{C27B7BEC-EC25-4869-BA83-182B4E5C14F9}"
EndProject
Global
	GlobalSection(SolutionConfigurationPlatforms) = preSolution
		Debug|Any CPU = Debug|Any CPU
		Release|Any CPU = Release|Any CPU
	EndGlobalSection
	GlobalSection(ProjectConfigurationPlatforms) = postSolution
		{C27B7BEC-EC25-4869-BA83-182B4E5C14F9}.Debug|Any CPU.ActiveCfg = Debug|Any CPU
		{C27B7BEC-EC25-4869-BA83-182B4E5C14F9}.Debug|Any CPU.Build.0 = Debug|Any CPU
		{C27B7BEC-EC25-4869-BA83-182B4E5C14F9}.Release|Any CPU.ActiveCfg = Release|Any CPU
		{C27B7BEC-EC25-4869-BA83-182B4E5C14F9}.Release|Any CPU.Build.0 = Release|Any CPU
	EndGlobalSection
	GlobalSection(SolutionProperties) = preSolution
		HideSolutionNode = FALSE
	EndGlobalSection
	GlobalSection(ExtensibilityGlobals) = postSolution
		SolutionGuid = {CD941A10-1418-4151-A3C1-690D4C85DD5B}
	EndGlobalSection
EndGlobal
